
Microsoft Visual Studio Solution File, Format Version 12.00
# Visual Studio Version 17
VisualStudioVersion = 17.10.35027.167
MinimumVisualStudioVersion = 10.0.40219.1
Project("{2150E333-8FDC-42A3-9474-1A3956D46DE8}") = "Services", "Services", "{021EF150-B2CF-4050-87C1-11C961DC5BAE}"
EndProject
Project("{2150E333-8FDC-42A3-9474-1A3956D46DE8}") = "Catalog", "Catalog", "{56C3CCB3-EB1A-4A05-9E73-6EFB9F9ABB73}"
EndProject
Project("{9A19103F-16F7-4668-BE54-9A1E7A4F7556}") = "MultiShop.Catalog", "Services\Catalog\MultiShop.Catalog\MultiShop.Catalog.csproj", "{72662DEB-EA48-4673-A625-66AD4B2F7118}"
EndProject
Project("{2150E333-8FDC-42A3-9474-1A3956D46DE8}") = "Discount", "Discount", "{053BEC76-BE8E-41F2-BC91-95966E73C7B9}"
EndProject
Project("{9A19103F-16F7-4668-BE54-9A1E7A4F7556}") = "MultiShop.Discount", "Services\Discount\MultiShop.Discount\MultiShop.Discount.csproj", "{84320641-6CBD-4251-9696-1C5BB6DB88BE}"
EndProject
Project("{2150E333-8FDC-42A3-9474-1A3956D46DE8}") = "Order", "Order", "{75DD02BD-0752-4543-895C-666F364B0968}"
EndProject
Project("{2150E333-8FDC-42A3-9474-1A3956D46DE8}") = "Core", "Core", "{74A0480C-43BA-4C79-A1D6-C952B748F0BE}"
EndProject
Project("{2150E333-8FDC-42A3-9474-1A3956D46DE8}") = "Infrastructure", "Infrastructure", "{88FAB1E9-A6B6-44ED-AF86-833C0DE911C9}"
EndProject
Project("{2150E333-8FDC-42A3-9474-1A3956D46DE8}") = "Prensentation", "Prensentation", "{D2BB36A8-EB61-42A6-9E64-D08E638238C5}"
EndProject
Project("{9A19103F-16F7-4668-BE54-9A1E7A4F7556}") = "MultiShop.Order.Domain", "Services\Order\Core\MultiShop.Order.Domain\MultiShop.Order.Domain.csproj", "{EA4432B1-81CE-40EA-9063-00E4105AF55E}"
EndProject
Project("{9A19103F-16F7-4668-BE54-9A1E7A4F7556}") = "MultiShop.Order.Application", "Services\Order\Core\MultiShop.Order.Application\MultiShop.Order.Application.csproj", "{42150C50-9244-42F8-802F-37BDA5146669}"
EndProject
Project("{9A19103F-16F7-4668-BE54-9A1E7A4F7556}") = "MultiShop.Order.Persistence", "Services\Order\Infrastructure\MultiShop.Order.Persistence\MultiShop.Order.Persistence.csproj", "{12A63B9B-BE8C-4D25-97D0-2EE7D7CF15FB}"
EndProject
Project("{9A19103F-16F7-4668-BE54-9A1E7A4F7556}") = "MultiShop.Order.WepApi", "Services\Order\Prensentation\MultiShop.Order.WepApi\MultiShop.Order.WepApi.csproj", "{1F0AC81E-5F3A-4967-880B-5FAC30EC3C63}"
EndProject
Project("{2150E333-8FDC-42A3-9474-1A3956D46DE8}") = "IdentityServer", "IdentityServer", "{E305921B-388A-4CF1-ABE3-91B8EFFFFEF9}"
EndProject
Project("{9A19103F-16F7-4668-BE54-9A1E7A4F7556}") = "MultiShop.IdentityServer", "IdentityServer\MultiShop.IdentityServer\MultiShop.IdentityServer.csproj", "{1EC4EF5B-96D5-41F6-944E-652BBA1DDAFB}"
EndProject
Project("{2150E333-8FDC-42A3-9474-1A3956D46DE8}") = "Requirements", "Requirements", "{B6AF167B-CBC2-4EC8-B9BF-88D0AE759810}"
	ProjectSection(SolutionItems) = preProject
		IdentiyServerSolutionVersionEror.txt = IdentiyServerSolutionVersionEror.txt
		OcelotLink.txt = OcelotLink.txt
		PortainerCmd.txt = PortainerCmd.txt
		PortNumbers.txt = PortNumbers.txt
		UserExample.txt = UserExample.txt
	EndProjectSection
EndProject
Project("{2150E333-8FDC-42A3-9474-1A3956D46DE8}") = "Cargo", "Cargo", "{82E73D4D-9479-4C5B-BEA6-E3B352EE9C90}"
EndProject
Project("{9A19103F-16F7-4668-BE54-9A1E7A4F7556}") = "MultiShop.Cargo.Bussines", "Services\Cargo\MultiShop.Cargo.Bussines\MultiShop.Cargo.Bussines.csproj", "{02114669-1228-4EF7-9510-38C370A75435}"
EndProject
Project("{9A19103F-16F7-4668-BE54-9A1E7A4F7556}") = "MultiShop.Cargo.EntityLayer", "Services\Cargo\MultiShop.Cargo.EntityLayer\MultiShop.Cargo.EntityLayer.csproj", "{A5442EC0-645B-4C32-8468-BDE9D7DA6745}"
EndProject
Project("{9A19103F-16F7-4668-BE54-9A1E7A4F7556}") = "MultiShop.Cargo.DataAccesLayer", "Services\Cargo\MultiShop.Cargo.DataAccesLayer\MultiShop.Cargo.DataAccesLayer.csproj", "{190C27CB-36B5-4882-B20C-AE286417785C}"
EndProject
Project("{9A19103F-16F7-4668-BE54-9A1E7A4F7556}") = "MultiShop.Cargo.DtoLayer", "MultiShop.Cargo.DtoLayer\MultiShop.Cargo.DtoLayer.csproj", "{422D985F-5830-4149-A8BA-E2FAF235D0F1}"
EndProject
Project("{9A19103F-16F7-4668-BE54-9A1E7A4F7556}") = "MultiShop.Cargo.WepApiLayer", "Services\Cargo\MultiShop.Cargo.WepApiLayer\MultiShop.Cargo.WepApiLayer.csproj", "{16ECFAA0-4E85-4ED4-B9E3-86D40829ECAD}"
EndProject
Project("{2150E333-8FDC-42A3-9474-1A3956D46DE8}") = "Basket", "Basket", "{7D0C6D3E-9A69-44E1-8D54-A747E5D0CEB6}"
EndProject
Project("{9A19103F-16F7-4668-BE54-9A1E7A4F7556}") = "MultiShop.Basket", "Services\Basket\MultiShop.Basket\MultiShop.Basket.csproj", "{E16B88E8-45DE-4430-972B-69E1E641DD14}"
EndProject
Project("{2150E333-8FDC-42A3-9474-1A3956D46DE8}") = "FrontEnds", "FrontEnds", "{591F8746-D491-45FA-A092-CDCE30F2DB59}"
EndProject
Project("{9A19103F-16F7-4668-BE54-9A1E7A4F7556}") = "MultiShop.WebUI", "Frontends\MultiShop.WebUI\MultiShop.WebUI.csproj", "{A4B68CA0-DA0F-4304-9F30-00FFBF98BB7C}"
EndProject
Project("{9A19103F-16F7-4668-BE54-9A1E7A4F7556}") = "MultiShop.DtoLayer", "Frontends\MultiShop.DtoLayer\MultiShop.DtoLayer.csproj", "{55413EFD-73AB-47B4-81BC-A42A61CEEEAB}"
EndProject
Project("{2150E333-8FDC-42A3-9474-1A3956D46DE8}") = "Comment", "Comment", "{BF88B2D2-C2F3-49AE-B5C5-94D09A5676A0}"
EndProject
Project("{9A19103F-16F7-4668-BE54-9A1E7A4F7556}") = "MultiShop.Comment", "Services\Comment\MultiShop.Comment\MultiShop.Comment.csproj", "{D605A5F8-0363-414C-B9C7-310BE5FE4BC3}"
EndProject
Project("{2150E333-8FDC-42A3-9474-1A3956D46DE8}") = "ApiGateway", "ApiGateway", "{4C062E61-13D1-400C-B501-724F1BECC260}"
EndProject
Project("{2150E333-8FDC-42A3-9474-1A3956D46DE8}") = "RapidApi", "RapidApi", "{14349569-3B7B-4233-BC50-7067348D8F24}"
EndProject
Project("{FAE04EC0-301F-11D3-BF4B-00C04F79EFBC}") = "MultiShop.ApiGateway", "ApiGateway\MultiShop.ApiGateway\MultiShop.ApiGateway.csproj", "{2ADA2F76-CBC9-417C-9956-7B4F214DE098}"
EndProject
Project("{2150E333-8FDC-42A3-9474-1A3956D46DE8}") = "Payment", "Payment", "{37634643-2F40-443B-AB79-2667C6237290}"
EndProject
Project("{FAE04EC0-301F-11D3-BF4B-00C04F79EFBC}") = "MultiShop.Payment", "Services\Payment\MultiShop.Payment\MultiShop.Payment.csproj", "{A0EBD208-09C2-4B8E-A4BB-567C9D0F6D1D}"
EndProject
Project("{2150E333-8FDC-42A3-9474-1A3956D46DE8}") = "Images", "Images", "{2D91A494-00FA-4E23-8B7A-6789AFD240B3}"
EndProject
Project("{FAE04EC0-301F-11D3-BF4B-00C04F79EFBC}") = "MultiSop.Images", "Services\Images\MultiSop.Images\MultiSop.Images.csproj", "{7FC87697-76D0-4FEF-80E1-C34F9B8ACFD0}"
EndProject
Global
	GlobalSection(SolutionConfigurationPlatforms) = preSolution
		Debug|Any CPU = Debug|Any CPU
		Release|Any CPU = Release|Any CPU
	EndGlobalSection
	GlobalSection(ProjectConfigurationPlatforms) = postSolution
		{72662DEB-EA48-4673-A625-66AD4B2F7118}.Debug|Any CPU.ActiveCfg = Debug|Any CPU
		{72662DEB-EA48-4673-A625-66AD4B2F7118}.Debug|Any CPU.Build.0 = Debug|Any CPU
		{72662DEB-EA48-4673-A625-66AD4B2F7118}.Release|Any CPU.ActiveCfg = Release|Any CPU
		{72662DEB-EA48-4673-A625-66AD4B2F7118}.Release|Any CPU.Build.0 = Release|Any CPU
		{84320641-6CBD-4251-9696-1C5BB6DB88BE}.Debug|Any CPU.ActiveCfg = Debug|Any CPU
		{84320641-6CBD-4251-9696-1C5BB6DB88BE}.Debug|Any CPU.Build.0 = Debug|Any CPU
		{84320641-6CBD-4251-9696-1C5BB6DB88BE}.Release|Any CPU.ActiveCfg = Release|Any CPU
		{84320641-6CBD-4251-9696-1C5BB6DB88BE}.Release|Any CPU.Build.0 = Release|Any CPU
		{EA4432B1-81CE-40EA-9063-00E4105AF55E}.Debug|Any CPU.ActiveCfg = Debug|Any CPU
		{EA4432B1-81CE-40EA-9063-00E4105AF55E}.Debug|Any CPU.Build.0 = Debug|Any CPU
		{EA4432B1-81CE-40EA-9063-00E4105AF55E}.Release|Any CPU.ActiveCfg = Release|Any CPU
		{EA4432B1-81CE-40EA-9063-00E4105AF55E}.Release|Any CPU.Build.0 = Release|Any CPU
		{42150C50-9244-42F8-802F-37BDA5146669}.Debug|Any CPU.ActiveCfg = Debug|Any CPU
		{42150C50-9244-42F8-802F-37BDA5146669}.Debug|Any CPU.Build.0 = Debug|Any CPU
		{42150C50-9244-42F8-802F-37BDA5146669}.Release|Any CPU.ActiveCfg = Release|Any CPU
		{42150C50-9244-42F8-802F-37BDA5146669}.Release|Any CPU.Build.0 = Release|Any CPU
		{12A63B9B-BE8C-4D25-97D0-2EE7D7CF15FB}.Debug|Any CPU.ActiveCfg = Debug|Any CPU
		{12A63B9B-BE8C-4D25-97D0-2EE7D7CF15FB}.Debug|Any CPU.Build.0 = Debug|Any CPU
		{12A63B9B-BE8C-4D25-97D0-2EE7D7CF15FB}.Release|Any CPU.ActiveCfg = Release|Any CPU
		{12A63B9B-BE8C-4D25-97D0-2EE7D7CF15FB}.Release|Any CPU.Build.0 = Release|Any CPU
		{1F0AC81E-5F3A-4967-880B-5FAC30EC3C63}.Debug|Any CPU.ActiveCfg = Debug|Any CPU
		{1F0AC81E-5F3A-4967-880B-5FAC30EC3C63}.Debug|Any CPU.Build.0 = Debug|Any CPU
		{1F0AC81E-5F3A-4967-880B-5FAC30EC3C63}.Release|Any CPU.ActiveCfg = Release|Any CPU
		{1F0AC81E-5F3A-4967-880B-5FAC30EC3C63}.Release|Any CPU.Build.0 = Release|Any CPU
		{1EC4EF5B-96D5-41F6-944E-652BBA1DDAFB}.Debug|Any CPU.ActiveCfg = Debug|Any CPU
		{1EC4EF5B-96D5-41F6-944E-652BBA1DDAFB}.Debug|Any CPU.Build.0 = Debug|Any CPU
		{1EC4EF5B-96D5-41F6-944E-652BBA1DDAFB}.Release|Any CPU.ActiveCfg = Release|Any CPU
		{1EC4EF5B-96D5-41F6-944E-652BBA1DDAFB}.Release|Any CPU.Build.0 = Release|Any CPU
		{02114669-1228-4EF7-9510-38C370A75435}.Debug|Any CPU.ActiveCfg = Debug|Any CPU
		{02114669-1228-4EF7-9510-38C370A75435}.Debug|Any CPU.Build.0 = Debug|Any CPU
		{02114669-1228-4EF7-9510-38C370A75435}.Release|Any CPU.ActiveCfg = Release|Any CPU
		{02114669-1228-4EF7-9510-38C370A75435}.Release|Any CPU.Build.0 = Release|Any CPU
		{A5442EC0-645B-4C32-8468-BDE9D7DA6745}.Debug|Any CPU.ActiveCfg = Debug|Any CPU
		{A5442EC0-645B-4C32-8468-BDE9D7DA6745}.Debug|Any CPU.Build.0 = Debug|Any CPU
		{A5442EC0-645B-4C32-8468-BDE9D7DA6745}.Release|Any CPU.ActiveCfg = Release|Any CPU
		{A5442EC0-645B-4C32-8468-BDE9D7DA6745}.Release|Any CPU.Build.0 = Release|Any CPU
		{190C27CB-36B5-4882-B20C-AE286417785C}.Debug|Any CPU.ActiveCfg = Debug|Any CPU
		{190C27CB-36B5-4882-B20C-AE286417785C}.Debug|Any CPU.Build.0 = Debug|Any CPU
		{190C27CB-36B5-4882-B20C-AE286417785C}.Release|Any CPU.ActiveCfg = Release|Any CPU
		{190C27CB-36B5-4882-B20C-AE286417785C}.Release|Any CPU.Build.0 = Release|Any CPU
		{422D985F-5830-4149-A8BA-E2FAF235D0F1}.Debug|Any CPU.ActiveCfg = Debug|Any CPU
		{422D985F-5830-4149-A8BA-E2FAF235D0F1}.Debug|Any CPU.Build.0 = Debug|Any CPU
		{422D985F-5830-4149-A8BA-E2FAF235D0F1}.Release|Any CPU.ActiveCfg = Release|Any CPU
		{422D985F-5830-4149-A8BA-E2FAF235D0F1}.Release|Any CPU.Build.0 = Release|Any CPU
		{16ECFAA0-4E85-4ED4-B9E3-86D40829ECAD}.Debug|Any CPU.ActiveCfg = Debug|Any CPU
		{16ECFAA0-4E85-4ED4-B9E3-86D40829ECAD}.Debug|Any CPU.Build.0 = Debug|Any CPU
		{16ECFAA0-4E85-4ED4-B9E3-86D40829ECAD}.Release|Any CPU.ActiveCfg = Release|Any CPU
		{16ECFAA0-4E85-4ED4-B9E3-86D40829ECAD}.Release|Any CPU.Build.0 = Release|Any CPU
		{E16B88E8-45DE-4430-972B-69E1E641DD14}.Debug|Any CPU.ActiveCfg = Debug|Any CPU
		{E16B88E8-45DE-4430-972B-69E1E641DD14}.Debug|Any CPU.Build.0 = Debug|Any CPU
		{E16B88E8-45DE-4430-972B-69E1E641DD14}.Release|Any CPU.ActiveCfg = Release|Any CPU
		{E16B88E8-45DE-4430-972B-69E1E641DD14}.Release|Any CPU.Build.0 = Release|Any CPU
		{A4B68CA0-DA0F-4304-9F30-00FFBF98BB7C}.Debug|Any CPU.ActiveCfg = Debug|Any CPU
		{A4B68CA0-DA0F-4304-9F30-00FFBF98BB7C}.Debug|Any CPU.Build.0 = Debug|Any CPU
		{A4B68CA0-DA0F-4304-9F30-00FFBF98BB7C}.Release|Any CPU.ActiveCfg = Release|Any CPU
		{A4B68CA0-DA0F-4304-9F30-00FFBF98BB7C}.Release|Any CPU.Build.0 = Release|Any CPU
		{55413EFD-73AB-47B4-81BC-A42A61CEEEAB}.Debug|Any CPU.ActiveCfg = Debug|Any CPU
		{55413EFD-73AB-47B4-81BC-A42A61CEEEAB}.Debug|Any CPU.Build.0 = Debug|Any CPU
		{55413EFD-73AB-47B4-81BC-A42A61CEEEAB}.Release|Any CPU.ActiveCfg = Release|Any CPU
		{55413EFD-73AB-47B4-81BC-A42A61CEEEAB}.Release|Any CPU.Build.0 = Release|Any CPU
		{D605A5F8-0363-414C-B9C7-310BE5FE4BC3}.Debug|Any CPU.ActiveCfg = Debug|Any CPU
		{D605A5F8-0363-414C-B9C7-310BE5FE4BC3}.Debug|Any CPU.Build.0 = Debug|Any CPU
		{D605A5F8-0363-414C-B9C7-310BE5FE4BC3}.Release|Any CPU.ActiveCfg = Release|Any CPU
		{D605A5F8-0363-414C-B9C7-310BE5FE4BC3}.Release|Any CPU.Build.0 = Release|Any CPU
		{2ADA2F76-CBC9-417C-9956-7B4F214DE098}.Debug|Any CPU.ActiveCfg = Debug|Any CPU
		{2ADA2F76-CBC9-417C-9956-7B4F214DE098}.Debug|Any CPU.Build.0 = Debug|Any CPU
		{2ADA2F76-CBC9-417C-9956-7B4F214DE098}.Release|Any CPU.ActiveCfg = Release|Any CPU
		{2ADA2F76-CBC9-417C-9956-7B4F214DE098}.Release|Any CPU.Build.0 = Release|Any CPU
		{A0EBD208-09C2-4B8E-A4BB-567C9D0F6D1D}.Debug|Any CPU.ActiveCfg = Debug|Any CPU
		{A0EBD208-09C2-4B8E-A4BB-567C9D0F6D1D}.Debug|Any CPU.Build.0 = Debug|Any CPU
		{A0EBD208-09C2-4B8E-A4BB-567C9D0F6D1D}.Release|Any CPU.ActiveCfg = Release|Any CPU
		{A0EBD208-09C2-4B8E-A4BB-567C9D0F6D1D}.Release|Any CPU.Build.0 = Release|Any CPU
		{7FC87697-76D0-4FEF-80E1-C34F9B8ACFD0}.Debug|Any CPU.ActiveCfg = Debug|Any CPU
		{7FC87697-76D0-4FEF-80E1-C34F9B8ACFD0}.Debug|Any CPU.Build.0 = Debug|Any CPU
		{7FC87697-76D0-4FEF-80E1-C34F9B8ACFD0}.Release|Any CPU.ActiveCfg = Release|Any CPU
		{7FC87697-76D0-4FEF-80E1-C34F9B8ACFD0}.Release|Any CPU.Build.0 = Release|Any CPU
	EndGlobalSection
	GlobalSection(SolutionProperties) = preSolution
		HideSolutionNode = FALSE
	EndGlobalSection
	GlobalSection(NestedProjects) = preSolution
		{56C3CCB3-EB1A-4A05-9E73-6EFB9F9ABB73} = {021EF150-B2CF-4050-87C1-11C961DC5BAE}
		{72662DEB-EA48-4673-A625-66AD4B2F7118} = {56C3CCB3-EB1A-4A05-9E73-6EFB9F9ABB73}
		{053BEC76-BE8E-41F2-BC91-95966E73C7B9} = {021EF150-B2CF-4050-87C1-11C961DC5BAE}
		{84320641-6CBD-4251-9696-1C5BB6DB88BE} = {053BEC76-BE8E-41F2-BC91-95966E73C7B9}
		{75DD02BD-0752-4543-895C-666F364B0968} = {021EF150-B2CF-4050-87C1-11C961DC5BAE}
		{74A0480C-43BA-4C79-A1D6-C952B748F0BE} = {75DD02BD-0752-4543-895C-666F364B0968}
		{88FAB1E9-A6B6-44ED-AF86-833C0DE911C9} = {75DD02BD-0752-4543-895C-666F364B0968}
		{D2BB36A8-EB61-42A6-9E64-D08E638238C5} = {75DD02BD-0752-4543-895C-666F364B0968}
		{EA4432B1-81CE-40EA-9063-00E4105AF55E} = {74A0480C-43BA-4C79-A1D6-C952B748F0BE}
		{42150C50-9244-42F8-802F-37BDA5146669} = {74A0480C-43BA-4C79-A1D6-C952B748F0BE}
		{12A63B9B-BE8C-4D25-97D0-2EE7D7CF15FB} = {88FAB1E9-A6B6-44ED-AF86-833C0DE911C9}
		{1F0AC81E-5F3A-4967-880B-5FAC30EC3C63} = {D2BB36A8-EB61-42A6-9E64-D08E638238C5}
		{1EC4EF5B-96D5-41F6-944E-652BBA1DDAFB} = {E305921B-388A-4CF1-ABE3-91B8EFFFFEF9}
		{82E73D4D-9479-4C5B-BEA6-E3B352EE9C90} = {021EF150-B2CF-4050-87C1-11C961DC5BAE}
		{02114669-1228-4EF7-9510-38C370A75435} = {82E73D4D-9479-4C5B-BEA6-E3B352EE9C90}
		{A5442EC0-645B-4C32-8468-BDE9D7DA6745} = {82E73D4D-9479-4C5B-BEA6-E3B352EE9C90}
		{190C27CB-36B5-4882-B20C-AE286417785C} = {82E73D4D-9479-4C5B-BEA6-E3B352EE9C90}
		{422D985F-5830-4149-A8BA-E2FAF235D0F1} = {82E73D4D-9479-4C5B-BEA6-E3B352EE9C90}
		{16ECFAA0-4E85-4ED4-B9E3-86D40829ECAD} = {82E73D4D-9479-4C5B-BEA6-E3B352EE9C90}
		{7D0C6D3E-9A69-44E1-8D54-A747E5D0CEB6} = {021EF150-B2CF-4050-87C1-11C961DC5BAE}
		{E16B88E8-45DE-4430-972B-69E1E641DD14} = {7D0C6D3E-9A69-44E1-8D54-A747E5D0CEB6}
		{A4B68CA0-DA0F-4304-9F30-00FFBF98BB7C} = {591F8746-D491-45FA-A092-CDCE30F2DB59}
		{55413EFD-73AB-47B4-81BC-A42A61CEEEAB} = {591F8746-D491-45FA-A092-CDCE30F2DB59}
		{BF88B2D2-C2F3-49AE-B5C5-94D09A5676A0} = {021EF150-B2CF-4050-87C1-11C961DC5BAE}
		{D605A5F8-0363-414C-B9C7-310BE5FE4BC3} = {BF88B2D2-C2F3-49AE-B5C5-94D09A5676A0}
		{2ADA2F76-CBC9-417C-9956-7B4F214DE098} = {4C062E61-13D1-400C-B501-724F1BECC260}
		{37634643-2F40-443B-AB79-2667C6237290} = {021EF150-B2CF-4050-87C1-11C961DC5BAE}
		{A0EBD208-09C2-4B8E-A4BB-567C9D0F6D1D} = {37634643-2F40-443B-AB79-2667C6237290}
		{2D91A494-00FA-4E23-8B7A-6789AFD240B3} = {021EF150-B2CF-4050-87C1-11C961DC5BAE}
		{7FC87697-76D0-4FEF-80E1-C34F9B8ACFD0} = {2D91A494-00FA-4E23-8B7A-6789AFD240B3}
	EndGlobalSection
	GlobalSection(ExtensibilityGlobals) = postSolution
		SolutionGuid = {8698FEC8-40EC-4F93-AB95-BFD1034C86E3}
	EndGlobalSection
EndGlobal
